
Microsoft Visual Studio Solution File, Format Version 12.00
# Visual Studio Version 17
VisualStudioVersion = 17.3.32804.467
MinimumVisualStudioVersion = 10.0.40219.1
Project("{9A19103F-16F7-4668-BE54-9A1E7A4F7556}") = "BlazorTicTacToe", "BlazorTicTacToe\BlazorTicTacToe.csproj", "{B1ECA84C-798D-4698-A7B2-A08AB678BC33}"
EndProject
Global
	GlobalSection(SolutionConfigurationPlatforms) = preSolution
		Debug|Any CPU = Debug|Any CPU
		Release|Any CPU = Release|Any CPU
	EndGlobalSection
	GlobalSection(ProjectConfigurationPlatforms) = postSolution
		{B1ECA84C-798D-4698-A7B2-A08AB678BC33}.Debug|Any CPU.ActiveCfg = Debug|Any CPU
		{B1ECA84C-798D-4698-A7B2-A08AB678BC33}.Debug|Any CPU.Build.0 = Debug|Any CPU
		{B1ECA84C-798D-4698-A7B2-A08AB678BC33}.Release|Any CPU.ActiveCfg = Release|Any CPU
		{B1ECA84C-798D-4698-A7B2-A08AB678BC33}.Release|Any CPU.Build.0 = Release|Any CPU
	EndGlobalSection
	GlobalSection(SolutionProperties) = preSolution
		HideSolutionNode = FALSE
	EndGlobalSection
	GlobalSection(ExtensibilityGlobals) = postSolution
		SolutionGuid = {56E7AC2E-C679-4FB3-905A-91BC0C790559}
	EndGlobalSection
EndGlobal
